{
  "version": 4,
  "terraform_version": "1.8.2",
  "serial": 5,
  "lineage": "1ddcbb46-1b3a-06d4-3bc2-c1c800f3e9cf",
  "outputs": {},
  "resources": [
    {
      "mode": "managed",
      "type": "azurerm_virtual_network",
      "name": "vn_giuli",
      "provider": "provider[\"registry.terraform.io/hashicorp/azurerm\"]",
      "instances": [
        {
          "schema_version": 0,
          "attributes": {
            "address_space": [
              "10.0.0.0/16"
            ],
            "bgp_community": "",
            "ddos_protection_plan": [],
            "dns_servers": [],
            "edge_zone": "",
            "flow_timeout_in_minutes": 0,
            "guid": "4ce70935-2361-4cd5-90b9-0260c5b33a99",
            "id": "/subscriptions/e75f4279-a56e-444b-81f3-cc089c8a47e0/resourceGroups/GiuliGroup/providers/Microsoft.Network/virtualNetworks/vn_giuli",
            "location": "eastus",
            "name": "vn_giuli",
            "resource_group_name": "GiuliGroup",
            "subnet": [],
            "tags": {
              "EndDate": "30/06/2024",
              "ProjectCode": "MSDLATAM",
              "ProjectName": "MVDInternal - Uruguai",
              "ServiceNowID": "RITM0500391",
              "source": "backend"
            },
            "timeouts": null
          },
          "sensitive_attributes": [],
          "private": "eyJlMmJmYjczMC1lY2FhLTExZTYtOGY4OC0zNDM2M2JjN2M0YzAiOnsiY3JlYXRlIjoxODAwMDAwMDAwMDAwLCJkZWxldGUiOjE4MDAwMDAwMDAwMDAsInJlYWQiOjMwMDAwMDAwMDAwMCwidXBkYXRlIjoxODAwMDAwMDAwMDAwfX0="
        }
      ]
    }
  ],
  "check_results": null
}
