{
  "version": 4,
  "terraform_version": "1.8.2",
  "serial": 46,
  "lineage": "387e564b-5341-59dc-b63d-da3cdd44b2c8",
  "outputs": {
    "azurerm_linux_virtual_machine_id": {
      "value": [
        "/subscriptions/e75f4279-a56e-444b-81f3-cc089c8a47e0/resourceGroups/GiuliGroup/providers/Microsoft.Compute/virtualMachines/vm_0",
        "/subscriptions/e75f4279-a56e-444b-81f3-cc089c8a47e0/resourceGroups/GiuliGroup/providers/Microsoft.Compute/virtualMachines/vm_1",
        "/subscriptions/e75f4279-a56e-444b-81f3-cc089c8a47e0/resourceGroups/GiuliGroup/providers/Microsoft.Compute/virtualMachines/vm_2"
      ],
      "type": [
        "tuple",
        [
          "string",
          "string",
          "string"
        ]
      ]
    },
    "azurerm_linux_virtual_machine_private_ip_addresses": {
      "value": [
        [
          "10.0.2.6"
        ],
        [
          "10.0.2.5"
        ],
        [
          "10.0.2.4"
        ]
      ],
      "type": [
        "tuple",
        [
          [
            "list",
            "string"
          ],
          [
            "list",
            "string"
          ],
          [
            "list",
            "string"
          ]
        ]
      ]
    },
    "azurerm_linux_virtual_machine_public_ip_address": {
      "value": [
        "",
        "",
        ""
      ],
      "type": [
        "tuple",
        [
          "string",
          "string",
          "string"
        ]
      ]
    }
  },
  "resources": [
    {
      "mode": "managed",
      "type": "azurerm_linux_virtual_machine",
      "name": "azurerm_vm",
      "provider": "provider[\"registry.terraform.io/hashicorp/azurerm\"]",
      "instances": [
        {
          "index_key": 0,
          "schema_version": 0,
          "attributes": {
            "additional_capabilities": [],
            "admin_password": null,
            "admin_ssh_key": [
              {
                "public_key": "ssh-rsa AAAAB3NzaC1yc2EAAAADAQABAAABgQCgU5jlWWuhMSBMh1ZFFJl5PcXqn6TZTaEdr44uyitFMajhO/AV9tJEUBytd1kUsj6lsbI3P0/C/AwHUYz+T1oTClBH05PY4h+mUZHBHIBt47OizRvccPwEsBx/n/wS/SZuFm/9o6MUidgmucHc7Ly8ITKs1ZIny9LfHlfqiM5vz8ynYU7Qrepo9EgUdfGXCF5gc2yZ2FP+B5BPbCEDAAw820sPsADWE85qncy5a+K2hfYZi1V0lmf1mf1vwzdEYCfsTft8kAiX+2l8UW/lh0EhduGNtrKtQvnkYurjzuFYs78LKzg28ztiMC6/ycir0mjOW/HOR4EQl7QEv3EKK0dUvh7YxFrcbk7cWywa+yHUaSsHlBxKgnr8tjdEst94XJz4SlA3VxT0+eFDO+pFhzEqJ4kYqtlfZOHV7fqjxPEVh4tYQSO5cfKHzfY7GC4C7GBVNXzuqPkqztEuehLPe8kITqTKHREphBsykjpXhCJ4Rem2WFyvYG09XOKGq7RfB4E= generated-by-azure",
                "username": "adminuser"
              }
            ],
            "admin_username": "adminuser",
            "allow_extension_operations": true,
            "availability_set_id": "",
            "boot_diagnostics": [],
            "computer_name": "week2server",
            "custom_data": null,
            "dedicated_host_group_id": "",
            "dedicated_host_id": "",
            "disable_password_authentication": true,
            "edge_zone": "",
            "encryption_at_host_enabled": false,
            "eviction_policy": "",
            "extensions_time_budget": "PT1H30M",
            "id": "/subscriptions/e75f4279-a56e-444b-81f3-cc089c8a47e0/resourceGroups/GiuliGroup/providers/Microsoft.Compute/virtualMachines/vm_0",
            "identity": [],
            "license_type": "",
            "location": "eastus",
            "max_bid_price": -1,
            "name": "vm_0",
            "network_interface_ids": [
              "/subscriptions/e75f4279-a56e-444b-81f3-cc089c8a47e0/resourceGroups/GiuliGroup/providers/Microsoft.Network/networkInterfaces/ni-0"
            ],
            "os_disk": [
              {
                "caching": "ReadWrite",
                "diff_disk_settings": [],
                "disk_encryption_set_id": "",
                "disk_size_gb": 30,
                "name": "vm_0_OsDisk_1_932c0b3685f644a780cd660e9462f6b4",
                "storage_account_type": "Standard_LRS",
                "write_accelerator_enabled": false
              }
            ],
            "patch_mode": "ImageDefault",
            "plan": [],
            "platform_fault_domain": -1,
            "priority": "Regular",
            "private_ip_address": "10.0.2.6",
            "private_ip_addresses": [
              "10.0.2.6"
            ],
            "provision_vm_agent": true,
            "proximity_placement_group_id": "",
            "public_ip_address": "",
            "public_ip_addresses": [],
            "resource_group_name": "GiuliGroup",
            "secret": [],
            "secure_boot_enabled": false,
            "size": "Standard_F2",
            "source_image_id": "",
            "source_image_reference": [
              {
                "offer": "0001-com-ubuntu-server-jammy",
                "publisher": "Canonical",
                "sku": "22_04-lts",
                "version": "latest"
              }
            ],
            "tags": {
              "EndDate": "30/06/2024",
              "ProjectCode": "MSDLATAM",
              "ProjectName": "MVDInternal - Uruguai",
              "ServiceNowID": "RITM0500391"
            },
            "termination_notification": null,
            "timeouts": null,
            "user_data": "",
            "virtual_machine_id": "ff05eacf-148d-4070-aef0-046ef1a67f5d",
            "virtual_machine_scale_set_id": "",
            "vtpm_enabled": false,
            "zone": ""
          },
          "sensitive_attributes": [
            [
              {
                "type": "get_attr",
                "value": "admin_password"
              }
            ],
            [
              {
                "type": "get_attr",
                "value": "custom_data"
              }
            ]
          ],
          "private": "eyJlMmJmYjczMC1lY2FhLTExZTYtOGY4OC0zNDM2M2JjN2M0YzAiOnsiY3JlYXRlIjoyNzAwMDAwMDAwMDAwLCJkZWxldGUiOjI3MDAwMDAwMDAwMDAsInJlYWQiOjMwMDAwMDAwMDAwMCwidXBkYXRlIjoyNzAwMDAwMDAwMDAwfX0=",
          "dependencies": [
            "azurerm_network_interface.azurerm_ni",
            "azurerm_subnet.azurerm_snt_1",
            "azurerm_virtual_network.vn_giuli"
          ]
        },
        {
          "index_key": 1,
          "schema_version": 0,
          "attributes": {
            "additional_capabilities": [],
            "admin_password": null,
            "admin_ssh_key": [
              {
                "public_key": "ssh-rsa AAAAB3NzaC1yc2EAAAADAQABAAABgQCgU5jlWWuhMSBMh1ZFFJl5PcXqn6TZTaEdr44uyitFMajhO/AV9tJEUBytd1kUsj6lsbI3P0/C/AwHUYz+T1oTClBH05PY4h+mUZHBHIBt47OizRvccPwEsBx/n/wS/SZuFm/9o6MUidgmucHc7Ly8ITKs1ZIny9LfHlfqiM5vz8ynYU7Qrepo9EgUdfGXCF5gc2yZ2FP+B5BPbCEDAAw820sPsADWE85qncy5a+K2hfYZi1V0lmf1mf1vwzdEYCfsTft8kAiX+2l8UW/lh0EhduGNtrKtQvnkYurjzuFYs78LKzg28ztiMC6/ycir0mjOW/HOR4EQl7QEv3EKK0dUvh7YxFrcbk7cWywa+yHUaSsHlBxKgnr8tjdEst94XJz4SlA3VxT0+eFDO+pFhzEqJ4kYqtlfZOHV7fqjxPEVh4tYQSO5cfKHzfY7GC4C7GBVNXzuqPkqztEuehLPe8kITqTKHREphBsykjpXhCJ4Rem2WFyvYG09XOKGq7RfB4E= generated-by-azure",
                "username": "adminuser"
              }
            ],
            "admin_username": "adminuser",
            "allow_extension_operations": true,
            "availability_set_id": "",
            "boot_diagnostics": [],
            "computer_name": "week2server",
            "custom_data": null,
            "dedicated_host_group_id": "",
            "dedicated_host_id": "",
            "disable_password_authentication": true,
            "edge_zone": "",
            "encryption_at_host_enabled": false,
            "eviction_policy": "",
            "extensions_time_budget": "PT1H30M",
            "id": "/subscriptions/e75f4279-a56e-444b-81f3-cc089c8a47e0/resourceGroups/GiuliGroup/providers/Microsoft.Compute/virtualMachines/vm_1",
            "identity": [],
            "license_type": "",
            "location": "eastus",
            "max_bid_price": -1,
            "name": "vm_1",
            "network_interface_ids": [
              "/subscriptions/e75f4279-a56e-444b-81f3-cc089c8a47e0/resourceGroups/GiuliGroup/providers/Microsoft.Network/networkInterfaces/ni-1"
            ],
            "os_disk": [
              {
                "caching": "ReadWrite",
                "diff_disk_settings": [],
                "disk_encryption_set_id": "",
                "disk_size_gb": 30,
                "name": "vm_1_OsDisk_1_d8df2bc743494cc88c5819416bc09bd8",
                "storage_account_type": "Standard_LRS",
                "write_accelerator_enabled": false
              }
            ],
            "patch_mode": "ImageDefault",
            "plan": [],
            "platform_fault_domain": -1,
            "priority": "Regular",
            "private_ip_address": "10.0.2.5",
            "private_ip_addresses": [
              "10.0.2.5"
            ],
            "provision_vm_agent": true,
            "proximity_placement_group_id": "",
            "public_ip_address": "",
            "public_ip_addresses": [],
            "resource_group_name": "GiuliGroup",
            "secret": [],
            "secure_boot_enabled": false,
            "size": "Standard_F2",
            "source_image_id": "",
            "source_image_reference": [
              {
                "offer": "0001-com-ubuntu-server-jammy",
                "publisher": "Canonical",
                "sku": "22_04-lts",
                "version": "latest"
              }
            ],
            "tags": {
              "EndDate": "30/06/2024",
              "ProjectCode": "MSDLATAM",
              "ProjectName": "MVDInternal - Uruguai",
              "ServiceNowID": "RITM0500391"
            },
            "termination_notification": null,
            "timeouts": null,
            "user_data": "",
            "virtual_machine_id": "47c6e517-decb-4121-928c-915cb1065f02",
            "virtual_machine_scale_set_id": "",
            "vtpm_enabled": false,
            "zone": ""
          },
          "sensitive_attributes": [
            [
              {
                "type": "get_attr",
                "value": "custom_data"
              }
            ],
            [
              {
                "type": "get_attr",
                "value": "admin_password"
              }
            ]
          ],
          "private": "eyJlMmJmYjczMC1lY2FhLTExZTYtOGY4OC0zNDM2M2JjN2M0YzAiOnsiY3JlYXRlIjoyNzAwMDAwMDAwMDAwLCJkZWxldGUiOjI3MDAwMDAwMDAwMDAsInJlYWQiOjMwMDAwMDAwMDAwMCwidXBkYXRlIjoyNzAwMDAwMDAwMDAwfX0=",
          "dependencies": [
            "azurerm_network_interface.azurerm_ni",
            "azurerm_subnet.azurerm_snt_1",
            "azurerm_virtual_network.vn_giuli"
          ]
        },
        {
          "index_key": 2,
          "schema_version": 0,
          "attributes": {
            "additional_capabilities": [],
            "admin_password": null,
            "admin_ssh_key": [
              {
                "public_key": "ssh-rsa AAAAB3NzaC1yc2EAAAADAQABAAABgQCgU5jlWWuhMSBMh1ZFFJl5PcXqn6TZTaEdr44uyitFMajhO/AV9tJEUBytd1kUsj6lsbI3P0/C/AwHUYz+T1oTClBH05PY4h+mUZHBHIBt47OizRvccPwEsBx/n/wS/SZuFm/9o6MUidgmucHc7Ly8ITKs1ZIny9LfHlfqiM5vz8ynYU7Qrepo9EgUdfGXCF5gc2yZ2FP+B5BPbCEDAAw820sPsADWE85qncy5a+K2hfYZi1V0lmf1mf1vwzdEYCfsTft8kAiX+2l8UW/lh0EhduGNtrKtQvnkYurjzuFYs78LKzg28ztiMC6/ycir0mjOW/HOR4EQl7QEv3EKK0dUvh7YxFrcbk7cWywa+yHUaSsHlBxKgnr8tjdEst94XJz4SlA3VxT0+eFDO+pFhzEqJ4kYqtlfZOHV7fqjxPEVh4tYQSO5cfKHzfY7GC4C7GBVNXzuqPkqztEuehLPe8kITqTKHREphBsykjpXhCJ4Rem2WFyvYG09XOKGq7RfB4E= generated-by-azure",
                "username": "adminuser"
              }
            ],
            "admin_username": "adminuser",
            "allow_extension_operations": true,
            "availability_set_id": "",
            "boot_diagnostics": [],
            "computer_name": "week2server",
            "custom_data": null,
            "dedicated_host_group_id": "",
            "dedicated_host_id": "",
            "disable_password_authentication": true,
            "edge_zone": "",
            "encryption_at_host_enabled": false,
            "eviction_policy": "",
            "extensions_time_budget": "PT1H30M",
            "id": "/subscriptions/e75f4279-a56e-444b-81f3-cc089c8a47e0/resourceGroups/GiuliGroup/providers/Microsoft.Compute/virtualMachines/vm_2",
            "identity": [],
            "license_type": "",
            "location": "eastus",
            "max_bid_price": -1,
            "name": "vm_2",
            "network_interface_ids": [
              "/subscriptions/e75f4279-a56e-444b-81f3-cc089c8a47e0/resourceGroups/GiuliGroup/providers/Microsoft.Network/networkInterfaces/ni-2"
            ],
            "os_disk": [
              {
                "caching": "ReadWrite",
                "diff_disk_settings": [],
                "disk_encryption_set_id": "",
                "disk_size_gb": 30,
                "name": "vm_2_OsDisk_1_a09e74f0349a45fa93b6e8080b12e9de",
                "storage_account_type": "Standard_LRS",
                "write_accelerator_enabled": false
              }
            ],
            "patch_mode": "ImageDefault",
            "plan": [],
            "platform_fault_domain": -1,
            "priority": "Regular",
            "private_ip_address": "10.0.2.4",
            "private_ip_addresses": [
              "10.0.2.4"
            ],
            "provision_vm_agent": true,
            "proximity_placement_group_id": "",
            "public_ip_address": "",
            "public_ip_addresses": [],
            "resource_group_name": "GiuliGroup",
            "secret": [],
            "secure_boot_enabled": false,
            "size": "Standard_F2",
            "source_image_id": "",
            "source_image_reference": [
              {
                "offer": "0001-com-ubuntu-server-jammy",
                "publisher": "Canonical",
                "sku": "22_04-lts",
                "version": "latest"
              }
            ],
            "tags": {
              "EndDate": "30/06/2024",
              "ProjectCode": "MSDLATAM",
              "ProjectName": "MVDInternal - Uruguai",
              "ServiceNowID": "RITM0500391"
            },
            "termination_notification": null,
            "timeouts": null,
            "user_data": "",
            "virtual_machine_id": "32f21633-b3e1-4134-b2b7-64c3e21566c8",
            "virtual_machine_scale_set_id": "",
            "vtpm_enabled": false,
            "zone": ""
          },
          "sensitive_attributes": [
            [
              {
                "type": "get_attr",
                "value": "custom_data"
              }
            ],
            [
              {
                "type": "get_attr",
                "value": "admin_password"
              }
            ]
          ],
          "private": "eyJlMmJmYjczMC1lY2FhLTExZTYtOGY4OC0zNDM2M2JjN2M0YzAiOnsiY3JlYXRlIjoyNzAwMDAwMDAwMDAwLCJkZWxldGUiOjI3MDAwMDAwMDAwMDAsInJlYWQiOjMwMDAwMDAwMDAwMCwidXBkYXRlIjoyNzAwMDAwMDAwMDAwfX0=",
          "dependencies": [
            "azurerm_network_interface.azurerm_ni",
            "azurerm_subnet.azurerm_snt_1",
            "azurerm_virtual_network.vn_giuli"
          ]
        }
      ]
    },
    {
      "mode": "managed",
      "type": "azurerm_network_interface",
      "name": "azurerm_ni",
      "provider": "provider[\"registry.terraform.io/hashicorp/azurerm\"]",
      "instances": [
        {
          "index_key": 0,
          "schema_version": 0,
          "attributes": {
            "applied_dns_servers": [],
            "dns_servers": [],
            "edge_zone": "",
            "enable_accelerated_networking": false,
            "enable_ip_forwarding": false,
            "id": "/subscriptions/e75f4279-a56e-444b-81f3-cc089c8a47e0/resourceGroups/GiuliGroup/providers/Microsoft.Network/networkInterfaces/ni-0",
            "internal_dns_name_label": "",
            "internal_domain_name_suffix": "fftvpbuqy00eraqq0np4oivooe.bx.internal.cloudapp.net",
            "ip_configuration": [
              {
                "gateway_load_balancer_frontend_ip_configuration_id": "",
                "name": "ipname1",
                "primary": true,
                "private_ip_address": "10.0.2.6",
                "private_ip_address_allocation": "Dynamic",
                "private_ip_address_version": "IPv4",
                "public_ip_address_id": "",
                "subnet_id": "/subscriptions/e75f4279-a56e-444b-81f3-cc089c8a47e0/resourceGroups/GiuliGroup/providers/Microsoft.Network/virtualNetworks/vn_giuli/subnets/subnet_1"
              }
            ],
            "location": "eastus",
            "mac_address": "",
            "name": "ni-0",
            "private_ip_address": "10.0.2.6",
            "private_ip_addresses": [
              "10.0.2.6"
            ],
            "resource_group_name": "GiuliGroup",
            "tags": {
              "EndDate": "30/06/2024",
              "ProjectCode": "MSDLATAM",
              "ProjectName": "MVDInternal - Uruguai",
              "ServiceNowID": "RITM0500391"
            },
            "timeouts": null,
            "virtual_machine_id": ""
          },
          "sensitive_attributes": [],
          "private": "eyJlMmJmYjczMC1lY2FhLTExZTYtOGY4OC0zNDM2M2JjN2M0YzAiOnsiY3JlYXRlIjoxODAwMDAwMDAwMDAwLCJkZWxldGUiOjE4MDAwMDAwMDAwMDAsInJlYWQiOjMwMDAwMDAwMDAwMCwidXBkYXRlIjoxODAwMDAwMDAwMDAwfX0=",
          "dependencies": [
            "azurerm_subnet.azurerm_snt_1",
            "azurerm_virtual_network.vn_giuli"
          ]
        },
        {
          "index_key": 1,
          "schema_version": 0,
          "attributes": {
            "applied_dns_servers": [],
            "dns_servers": [],
            "edge_zone": "",
            "enable_accelerated_networking": false,
            "enable_ip_forwarding": false,
            "id": "/subscriptions/e75f4279-a56e-444b-81f3-cc089c8a47e0/resourceGroups/GiuliGroup/providers/Microsoft.Network/networkInterfaces/ni-1",
            "internal_dns_name_label": "",
            "internal_domain_name_suffix": "fftvpbuqy00eraqq0np4oivooe.bx.internal.cloudapp.net",
            "ip_configuration": [
              {
                "gateway_load_balancer_frontend_ip_configuration_id": "",
                "name": "ipname1",
                "primary": true,
                "private_ip_address": "10.0.2.5",
                "private_ip_address_allocation": "Dynamic",
                "private_ip_address_version": "IPv4",
                "public_ip_address_id": "",
                "subnet_id": "/subscriptions/e75f4279-a56e-444b-81f3-cc089c8a47e0/resourceGroups/GiuliGroup/providers/Microsoft.Network/virtualNetworks/vn_giuli/subnets/subnet_1"
              }
            ],
            "location": "eastus",
            "mac_address": "",
            "name": "ni-1",
            "private_ip_address": "10.0.2.5",
            "private_ip_addresses": [
              "10.0.2.5"
            ],
            "resource_group_name": "GiuliGroup",
            "tags": {
              "EndDate": "30/06/2024",
              "ProjectCode": "MSDLATAM",
              "ProjectName": "MVDInternal - Uruguai",
              "ServiceNowID": "RITM0500391"
            },
            "timeouts": null,
            "virtual_machine_id": ""
          },
          "sensitive_attributes": [],
          "private": "eyJlMmJmYjczMC1lY2FhLTExZTYtOGY4OC0zNDM2M2JjN2M0YzAiOnsiY3JlYXRlIjoxODAwMDAwMDAwMDAwLCJkZWxldGUiOjE4MDAwMDAwMDAwMDAsInJlYWQiOjMwMDAwMDAwMDAwMCwidXBkYXRlIjoxODAwMDAwMDAwMDAwfX0=",
          "dependencies": [
            "azurerm_subnet.azurerm_snt_1",
            "azurerm_virtual_network.vn_giuli"
          ]
        },
        {
          "index_key": 2,
          "schema_version": 0,
          "attributes": {
            "applied_dns_servers": [],
            "dns_servers": [],
            "edge_zone": "",
            "enable_accelerated_networking": false,
            "enable_ip_forwarding": false,
            "id": "/subscriptions/e75f4279-a56e-444b-81f3-cc089c8a47e0/resourceGroups/GiuliGroup/providers/Microsoft.Network/networkInterfaces/ni-2",
            "internal_dns_name_label": "",
            "internal_domain_name_suffix": "fftvpbuqy00eraqq0np4oivooe.bx.internal.cloudapp.net",
            "ip_configuration": [
              {
                "gateway_load_balancer_frontend_ip_configuration_id": "",
                "name": "ipname1",
                "primary": true,
                "private_ip_address": "10.0.2.4",
                "private_ip_address_allocation": "Dynamic",
                "private_ip_address_version": "IPv4",
                "public_ip_address_id": "",
                "subnet_id": "/subscriptions/e75f4279-a56e-444b-81f3-cc089c8a47e0/resourceGroups/GiuliGroup/providers/Microsoft.Network/virtualNetworks/vn_giuli/subnets/subnet_1"
              }
            ],
            "location": "eastus",
            "mac_address": "",
            "name": "ni-2",
            "private_ip_address": "10.0.2.4",
            "private_ip_addresses": [
              "10.0.2.4"
            ],
            "resource_group_name": "GiuliGroup",
            "tags": {
              "EndDate": "30/06/2024",
              "ProjectCode": "MSDLATAM",
              "ProjectName": "MVDInternal - Uruguai",
              "ServiceNowID": "RITM0500391"
            },
            "timeouts": null,
            "virtual_machine_id": ""
          },
          "sensitive_attributes": [],
          "private": "eyJlMmJmYjczMC1lY2FhLTExZTYtOGY4OC0zNDM2M2JjN2M0YzAiOnsiY3JlYXRlIjoxODAwMDAwMDAwMDAwLCJkZWxldGUiOjE4MDAwMDAwMDAwMDAsInJlYWQiOjMwMDAwMDAwMDAwMCwidXBkYXRlIjoxODAwMDAwMDAwMDAwfX0=",
          "dependencies": [
            "azurerm_subnet.azurerm_snt_1",
            "azurerm_virtual_network.vn_giuli"
          ]
        }
      ]
    },
    {
      "mode": "managed",
      "type": "azurerm_subnet",
      "name": "azurerm_snt_1",
      "provider": "provider[\"registry.terraform.io/hashicorp/azurerm\"]",
      "instances": [
        {
          "schema_version": 0,
          "attributes": {
            "address_prefixes": [
              "10.0.2.0/24"
            ],
            "delegation": [],
            "enforce_private_link_endpoint_network_policies": false,
            "enforce_private_link_service_network_policies": false,
            "id": "/subscriptions/e75f4279-a56e-444b-81f3-cc089c8a47e0/resourceGroups/GiuliGroup/providers/Microsoft.Network/virtualNetworks/vn_giuli/subnets/subnet_1",
            "name": "subnet_1",
            "resource_group_name": "GiuliGroup",
            "service_endpoint_policy_ids": null,
            "service_endpoints": null,
            "timeouts": null,
            "virtual_network_name": "vn_giuli"
          },
          "sensitive_attributes": [],
          "private": "eyJlMmJmYjczMC1lY2FhLTExZTYtOGY4OC0zNDM2M2JjN2M0YzAiOnsiY3JlYXRlIjoxODAwMDAwMDAwMDAwLCJkZWxldGUiOjE4MDAwMDAwMDAwMDAsInJlYWQiOjMwMDAwMDAwMDAwMCwidXBkYXRlIjoxODAwMDAwMDAwMDAwfX0=",
          "dependencies": [
            "azurerm_virtual_network.vn_giuli"
          ]
        }
      ]
    },
    {
      "mode": "managed",
      "type": "azurerm_virtual_network",
      "name": "vn_giuli",
      "provider": "provider[\"registry.terraform.io/hashicorp/azurerm\"]",
      "instances": [
        {
          "schema_version": 0,
          "attributes": {
            "address_space": [
              "10.0.0.0/16"
            ],
            "bgp_community": "",
            "ddos_protection_plan": [],
            "dns_servers": [],
            "edge_zone": "",
            "flow_timeout_in_minutes": 0,
            "guid": "86576729-c690-48b4-8210-d35fe722ae74",
            "id": "/subscriptions/e75f4279-a56e-444b-81f3-cc089c8a47e0/resourceGroups/GiuliGroup/providers/Microsoft.Network/virtualNetworks/vn_giuli",
            "location": "eastus",
            "name": "vn_giuli",
            "resource_group_name": "GiuliGroup",
            "subnet": [],
            "tags": {
              "EndDate": "30/06/2024",
              "ProjectCode": "MSDLATAM",
              "ProjectName": "MVDInternal - Uruguai",
              "ServiceNowID": "RITM0500391",
              "source": "backend"
            },
            "timeouts": null
          },
          "sensitive_attributes": [],
          "private": "eyJlMmJmYjczMC1lY2FhLTExZTYtOGY4OC0zNDM2M2JjN2M0YzAiOnsiY3JlYXRlIjoxODAwMDAwMDAwMDAwLCJkZWxldGUiOjE4MDAwMDAwMDAwMDAsInJlYWQiOjMwMDAwMDAwMDAwMCwidXBkYXRlIjoxODAwMDAwMDAwMDAwfX0="
        }
      ]
    }
  ],
  "check_results": null
}
