{
  "version": 4,
  "terraform_version": "1.8.2",
  "serial": 5,
  "lineage": "38a78c58-9b7f-dff0-fd1a-646cebb17d70",
  "outputs": {
    "azurerm_linux_virtual_machine_id": {
      "value": "/subscriptions/e75f4279-a56e-444b-81f3-cc089c8a47e0/resourceGroups/GiuliGroup/providers/Microsoft.Compute/virtualMachines/week3_wm",
      "type": "string"
    },
    "azurerm_linux_virtual_machine_private_ip_addresses": {
      "value": [
        "10.0.2.4"
      ],
      "type": [
        "list",
        "string"
      ]
    }
  },
  "resources": [
    {
      "mode": "managed",
      "type": "azurerm_subnet",
      "name": "week3_subnet",
      "provider": "provider[\"registry.terraform.io/hashicorp/azurerm\"]",
      "instances": [
        {
          "schema_version": 0,
          "attributes": {
            "address_prefixes": [
              "10.0.2.0/24"
            ],
            "delegation": [],
            "enforce_private_link_endpoint_network_policies": false,
            "enforce_private_link_service_network_policies": false,
            "id": "/subscriptions/e75f4279-a56e-444b-81f3-cc089c8a47e0/resourceGroups/GiuliGroup/providers/Microsoft.Network/virtualNetworks/week3_vn/subnets/week3_subnet",
            "name": "week3_subnet",
            "resource_group_name": "GiuliGroup",
            "service_endpoint_policy_ids": null,
            "service_endpoints": null,
            "timeouts": null,
            "virtual_network_name": "week3_vn"
          },
          "sensitive_attributes": [],
          "private": "eyJlMmJmYjczMC1lY2FhLTExZTYtOGY4OC0zNDM2M2JjN2M0YzAiOnsiY3JlYXRlIjoxODAwMDAwMDAwMDAwLCJkZWxldGUiOjE4MDAwMDAwMDAwMDAsInJlYWQiOjMwMDAwMDAwMDAwMCwidXBkYXRlIjoxODAwMDAwMDAwMDAwfX0=",
          "dependencies": [
            "azurerm_virtual_network.week3_vn"
          ]
        }
      ]
    },
    {
      "mode": "managed",
      "type": "azurerm_virtual_network",
      "name": "week3_vn",
      "provider": "provider[\"registry.terraform.io/hashicorp/azurerm\"]",
      "instances": [
        {
          "schema_version": 0,
          "attributes": {
            "address_space": [
              "10.0.0.0/16"
            ],
            "bgp_community": "",
            "ddos_protection_plan": [],
            "dns_servers": [],
            "edge_zone": "",
            "flow_timeout_in_minutes": 0,
            "guid": "935cbb59-bc80-4c82-ad64-47e1153496ee",
            "id": "/subscriptions/e75f4279-a56e-444b-81f3-cc089c8a47e0/resourceGroups/GiuliGroup/providers/Microsoft.Network/virtualNetworks/week3_vn",
            "location": "eastus",
            "name": "week3_vn",
            "resource_group_name": "GiuliGroup",
            "subnet": [],
            "tags": {
              "EndDate": "30/06/2024",
              "ProjectCode": "MSDLATAM",
              "ProjectName": "MVDInternal - Uruguai",
              "ServiceNowID": "RITM0500391"
            },
            "timeouts": null
          },
          "sensitive_attributes": [],
          "private": "eyJlMmJmYjczMC1lY2FhLTExZTYtOGY4OC0zNDM2M2JjN2M0YzAiOnsiY3JlYXRlIjoxODAwMDAwMDAwMDAwLCJkZWxldGUiOjE4MDAwMDAwMDAwMDAsInJlYWQiOjMwMDAwMDAwMDAwMCwidXBkYXRlIjoxODAwMDAwMDAwMDAwfX0="
        }
      ]
    },
    {
      "module": "module.azurerm_vm",
      "mode": "managed",
      "type": "azurerm_linux_virtual_machine",
      "name": "azure_vm",
      "provider": "provider[\"registry.terraform.io/hashicorp/azurerm\"]",
      "instances": [
        {
          "schema_version": 0,
          "attributes": {
            "additional_capabilities": [],
            "admin_password": null,
            "admin_ssh_key": [
              {
                "public_key": "ssh-rsa AAAAB3NzaC1yc2EAAAADAQABAAABgQCgU5jlWWuhMSBMh1ZFFJl5PcXqn6TZTaEdr44uyitFMajhO/AV9tJEUBytd1kUsj6lsbI3P0/C/AwHUYz+T1oTClBH05PY4h+mUZHBHIBt47OizRvccPwEsBx/n/wS/SZuFm/9o6MUidgmucHc7Ly8ITKs1ZIny9LfHlfqiM5vz8ynYU7Qrepo9EgUdfGXCF5gc2yZ2FP+B5BPbCEDAAw820sPsADWE85qncy5a+K2hfYZi1V0lmf1mf1vwzdEYCfsTft8kAiX+2l8UW/lh0EhduGNtrKtQvnkYurjzuFYs78LKzg28ztiMC6/ycir0mjOW/HOR4EQl7QEv3EKK0dUvh7YxFrcbk7cWywa+yHUaSsHlBxKgnr8tjdEst94XJz4SlA3VxT0+eFDO+pFhzEqJ4kYqtlfZOHV7fqjxPEVh4tYQSO5cfKHzfY7GC4C7GBVNXzuqPkqztEuehLPe8kITqTKHREphBsykjpXhCJ4Rem2WFyvYG09XOKGq7RfB4E= generated-by-azure",
                "username": "adminuser"
              }
            ],
            "admin_username": "adminuser",
            "allow_extension_operations": true,
            "availability_set_id": "",
            "boot_diagnostics": [],
            "computer_name": "week3server",
            "custom_data": null,
            "dedicated_host_group_id": "",
            "dedicated_host_id": "",
            "disable_password_authentication": true,
            "edge_zone": "",
            "encryption_at_host_enabled": false,
            "eviction_policy": "",
            "extensions_time_budget": "PT1H30M",
            "id": "/subscriptions/e75f4279-a56e-444b-81f3-cc089c8a47e0/resourceGroups/GiuliGroup/providers/Microsoft.Compute/virtualMachines/week3_wm",
            "identity": [],
            "license_type": "",
            "location": "eastus",
            "max_bid_price": -1,
            "name": "week3_wm",
            "network_interface_ids": [
              "/subscriptions/e75f4279-a56e-444b-81f3-cc089c8a47e0/resourceGroups/GiuliGroup/providers/Microsoft.Network/networkInterfaces/week3_network_interface"
            ],
            "os_disk": [
              {
                "caching": "ReadWrite",
                "diff_disk_settings": [],
                "disk_encryption_set_id": "",
                "disk_size_gb": 30,
                "name": "week3_wm_OsDisk_1_7c5b1c01c6ec4c94adef3e0d30d280dd",
                "storage_account_type": "Standard_LRS",
                "write_accelerator_enabled": false
              }
            ],
            "patch_mode": "ImageDefault",
            "plan": [],
            "platform_fault_domain": -1,
            "priority": "Regular",
            "private_ip_address": "10.0.2.4",
            "private_ip_addresses": [
              "10.0.2.4"
            ],
            "provision_vm_agent": true,
            "proximity_placement_group_id": "",
            "public_ip_address": "",
            "public_ip_addresses": [],
            "resource_group_name": "GiuliGroup",
            "secret": [],
            "secure_boot_enabled": false,
            "size": "Standard_F2",
            "source_image_id": "",
            "source_image_reference": [
              {
                "offer": "0001-com-ubuntu-server-jammy",
                "publisher": "Canonical",
                "sku": "22_04-lts",
                "version": "latest"
              }
            ],
            "tags": {
              "EndDate": "30/06/2024",
              "ProjectCode": "MSDLATAM",
              "ProjectName": "MVDInternal - Uruguai",
              "ServiceNowID": "RITM0500391",
              "application": "tf-level-up",
              "department": "IT"
            },
            "termination_notification": null,
            "timeouts": null,
            "user_data": "",
            "virtual_machine_id": "d283c988-4888-46b9-a972-87bd7b9ab86e",
            "virtual_machine_scale_set_id": "",
            "vtpm_enabled": false,
            "zone": ""
          },
          "sensitive_attributes": [
            [
              {
                "type": "get_attr",
                "value": "custom_data"
              }
            ],
            [
              {
                "type": "get_attr",
                "value": "admin_password"
              }
            ]
          ],
          "private": "eyJlMmJmYjczMC1lY2FhLTExZTYtOGY4OC0zNDM2M2JjN2M0YzAiOnsiY3JlYXRlIjoyNzAwMDAwMDAwMDAwLCJkZWxldGUiOjI3MDAwMDAwMDAwMDAsInJlYWQiOjMwMDAwMDAwMDAwMCwidXBkYXRlIjoyNzAwMDAwMDAwMDAwfX0=",
          "dependencies": [
            "azurerm_subnet.week3_subnet",
            "azurerm_virtual_network.week3_vn",
            "module.azurerm_vm.azurerm_network_interface.azurerm_ni"
          ]
        }
      ]
    },
    {
      "module": "module.azurerm_vm",
      "mode": "managed",
      "type": "azurerm_network_interface",
      "name": "azurerm_ni",
      "provider": "provider[\"registry.terraform.io/hashicorp/azurerm\"]",
      "instances": [
        {
          "schema_version": 0,
          "attributes": {
            "applied_dns_servers": [],
            "dns_servers": [],
            "edge_zone": "",
            "enable_accelerated_networking": false,
            "enable_ip_forwarding": false,
            "id": "/subscriptions/e75f4279-a56e-444b-81f3-cc089c8a47e0/resourceGroups/GiuliGroup/providers/Microsoft.Network/networkInterfaces/week3_network_interface",
            "internal_dns_name_label": "",
            "internal_domain_name_suffix": "lg3vze2axsbezllei5qrknew3g.bx.internal.cloudapp.net",
            "ip_configuration": [
              {
                "gateway_load_balancer_frontend_ip_configuration_id": "",
                "name": "ipname1",
                "primary": true,
                "private_ip_address": "10.0.2.4",
                "private_ip_address_allocation": "Dynamic",
                "private_ip_address_version": "IPv4",
                "public_ip_address_id": "",
                "subnet_id": "/subscriptions/e75f4279-a56e-444b-81f3-cc089c8a47e0/resourceGroups/GiuliGroup/providers/Microsoft.Network/virtualNetworks/week3_vn/subnets/week3_subnet"
              }
            ],
            "location": "eastus",
            "mac_address": "",
            "name": "week3_network_interface",
            "private_ip_address": "10.0.2.4",
            "private_ip_addresses": [
              "10.0.2.4"
            ],
            "resource_group_name": "GiuliGroup",
            "tags": {
              "EndDate": "30/06/2024",
              "ProjectCode": "MSDLATAM",
              "ProjectName": "MVDInternal - Uruguai",
              "ServiceNowID": "RITM0500391"
            },
            "timeouts": null,
            "virtual_machine_id": ""
          },
          "sensitive_attributes": [],
          "private": "eyJlMmJmYjczMC1lY2FhLTExZTYtOGY4OC0zNDM2M2JjN2M0YzAiOnsiY3JlYXRlIjoxODAwMDAwMDAwMDAwLCJkZWxldGUiOjE4MDAwMDAwMDAwMDAsInJlYWQiOjMwMDAwMDAwMDAwMCwidXBkYXRlIjoxODAwMDAwMDAwMDAwfX0=",
          "dependencies": [
            "azurerm_subnet.week3_subnet",
            "azurerm_virtual_network.week3_vn"
          ]
        }
      ]
    }
  ],
  "check_results": null
}
